
Microsoft Visual Studio Solution File, Format Version 12.00
# Visual Studio Version 17
VisualStudioVersion = 17.12.35527.113
MinimumVisualStudioVersion = 10.0.40219.1
Project("{2150E333-8FDC-42A3-9474-1A3956D46DE8}") = "Services", "Services", "{8F61AF24-137F-497D-A1DA-D356D16A3037}"
EndProject
Project("{2150E333-8FDC-42A3-9474-1A3956D46DE8}") = "Catalog", "Catalog", "{4599E26C-3D97-416D-A292-A3B1C00DC0D5}"
EndProject
Project("{FAE04EC0-301F-11D3-BF4B-00C04F79EFBC}") = "Catalog.API", "Services\Catalog\Catalog.API\Catalog.API.csproj", "{C349FB74-4A64-4B38-BB67-ED8C90B3D878}"
EndProject
Project("{2150E333-8FDC-42A3-9474-1A3956D46DE8}") = "BuildingBlocks", "BuildingBlocks", "{60B475AB-6021-431B-A9D3-AE779802443E}"
EndProject
Project("{FAE04EC0-301F-11D3-BF4B-00C04F79EFBC}") = "BuildingBlocks", "BuildingBlocks\BuildingBlocks\BuildingBlocks.csproj", "{7037A3F4-CD8B-424E-B54A-01CDE1C7EE40}"
EndProject
Project("{E53339B2-1760-4266-BCC7-CA923CBCF16C}") = "docker-compose", "docker-compose.dcproj", "{83800DB7-E2C4-4C7F-AC6A-5720E1762229}"
EndProject
Project("{2150E333-8FDC-42A3-9474-1A3956D46DE8}") = "Basket", "Basket", "{DD69C723-0084-4FEE-A532-AD58118E7380}"
EndProject
Project("{FAE04EC0-301F-11D3-BF4B-00C04F79EFBC}") = "Basket.API", "Services\Basket\Basket.API\Basket.API.csproj", "{6F81FCE5-807D-487F-A47B-E73F91A8DA02}"
EndProject
Global
	GlobalSection(SolutionConfigurationPlatforms) = preSolution
		Debug|Any CPU = Debug|Any CPU
		Release|Any CPU = Release|Any CPU
	EndGlobalSection
	GlobalSection(ProjectConfigurationPlatforms) = postSolution
		{C349FB74-4A64-4B38-BB67-ED8C90B3D878}.Debug|Any CPU.ActiveCfg = Debug|Any CPU
		{C349FB74-4A64-4B38-BB67-ED8C90B3D878}.Debug|Any CPU.Build.0 = Debug|Any CPU
		{C349FB74-4A64-4B38-BB67-ED8C90B3D878}.Release|Any CPU.ActiveCfg = Release|Any CPU
		{C349FB74-4A64-4B38-BB67-ED8C90B3D878}.Release|Any CPU.Build.0 = Release|Any CPU
		{7037A3F4-CD8B-424E-B54A-01CDE1C7EE40}.Debug|Any CPU.ActiveCfg = Debug|Any CPU
		{7037A3F4-CD8B-424E-B54A-01CDE1C7EE40}.Debug|Any CPU.Build.0 = Debug|Any CPU
		{7037A3F4-CD8B-424E-B54A-01CDE1C7EE40}.Release|Any CPU.ActiveCfg = Release|Any CPU
		{7037A3F4-CD8B-424E-B54A-01CDE1C7EE40}.Release|Any CPU.Build.0 = Release|Any CPU
		{83800DB7-E2C4-4C7F-AC6A-5720E1762229}.Debug|Any CPU.ActiveCfg = Debug|Any CPU
		{83800DB7-E2C4-4C7F-AC6A-5720E1762229}.Debug|Any CPU.Build.0 = Debug|Any CPU
		{83800DB7-E2C4-4C7F-AC6A-5720E1762229}.Release|Any CPU.ActiveCfg = Release|Any CPU
		{83800DB7-E2C4-4C7F-AC6A-5720E1762229}.Release|Any CPU.Build.0 = Release|Any CPU
		{6F81FCE5-807D-487F-A47B-E73F91A8DA02}.Debug|Any CPU.ActiveCfg = Debug|Any CPU
		{6F81FCE5-807D-487F-A47B-E73F91A8DA02}.Debug|Any CPU.Build.0 = Debug|Any CPU
		{6F81FCE5-807D-487F-A47B-E73F91A8DA02}.Release|Any CPU.ActiveCfg = Release|Any CPU
		{6F81FCE5-807D-487F-A47B-E73F91A8DA02}.Release|Any CPU.Build.0 = Release|Any CPU
	EndGlobalSection
	GlobalSection(SolutionProperties) = preSolution
		HideSolutionNode = FALSE
	EndGlobalSection
	GlobalSection(NestedProjects) = preSolution
		{4599E26C-3D97-416D-A292-A3B1C00DC0D5} = {8F61AF24-137F-497D-A1DA-D356D16A3037}
		{C349FB74-4A64-4B38-BB67-ED8C90B3D878} = {4599E26C-3D97-416D-A292-A3B1C00DC0D5}
		{7037A3F4-CD8B-424E-B54A-01CDE1C7EE40} = {60B475AB-6021-431B-A9D3-AE779802443E}
		{DD69C723-0084-4FEE-A532-AD58118E7380} = {8F61AF24-137F-497D-A1DA-D356D16A3037}
		{6F81FCE5-807D-487F-A47B-E73F91A8DA02} = {DD69C723-0084-4FEE-A532-AD58118E7380}
	EndGlobalSection
EndGlobal
